
Microsoft Visual Studio Solution File, Format Version 12.00
# Visual Studio 15
VisualStudioVersion = 15.0.26228.4
MinimumVisualStudioVersion = 10.0.40219.1
Project("{8BC9CEB8-8B4A-11D0-8D11-00A0C91BC942}") = "pedroOOP", "pedroOOP\pedroOOP.vcxproj", "{0C8439A2-605B-4480-89B6-99007B30F146}"
EndProject
Project("{8BC9CEB8-8B4A-11D0-8D11-00A0C91BC942}") = "Palindrome", "Palindrome\Palindrome.vcxproj", "{A54DF53D-3A78-42A7-AF1E-0C259BB946F5}"
EndProject
Project("{8BC9CEB8-8B4A-11D0-8D11-00A0C91BC942}") = "heapSort", "heapSort\heapSort.vcxproj", "{7B959521-E4E0-4677-9174-9307C4E5869B}"
EndProject
Project("{8BC9CEB8-8B4A-11D0-8D11-00A0C91BC942}") = "Comprobación if", "Comprobación if\Comprobación if.vcxproj", "{A5187FE0-B538-4482-83BF-4F97425A56D2}"
EndProject
Project("{8BC9CEB8-8B4A-11D0-8D11-00A0C91BC942}") = "BinaryCount", "BinaryCount\BinaryCount.vcxproj", "{27CFD7BC-ABB7-4156-990E-2E0EC42CD3F1}"
EndProject
Project("{8BC9CEB8-8B4A-11D0-8D11-00A0C91BC942}") = "BitSet", "BitSet\BitSet.vcxproj", "{BC5ED77A-41BF-4DC7-A338-4621FE289C80}"
EndProject
Project("{8BC9CEB8-8B4A-11D0-8D11-00A0C91BC942}") = "PlusxXOR", "PlusxXOR\PlusxXOR.vcxproj", "{93F3FD1F-DCCE-4AA7-AA00-838EA521E35E}"
EndProject
Project("{8BC9CEB8-8B4A-11D0-8D11-00A0C91BC942}") = "LinkedLists", "LinkedLists\LinkedLists.vcxproj", "{F4D92313-7795-4ECB-A8CA-43D315FD1554}"
EndProject
Project("{8BC9CEB8-8B4A-11D0-8D11-00A0C91BC942}") = "DoubleLinkedList", "DoubleLinkedList\DoubleLinkedList.vcxproj", "{59E489E4-B789-4255-92D3-C5D673A600CC}"
EndProject
Project("{8BC9CEB8-8B4A-11D0-8D11-00A0C91BC942}") = "PedritoBash", "PedritoBash\PedritoBash.vcxproj", "{F3A37476-2783-4862-B68B-2214471DFDDD}"
EndProject
Project("{8BC9CEB8-8B4A-11D0-8D11-00A0C91BC942}") = "asmCheck", "asmCheck\asmCheck.vcxproj", "{C238047A-4906-483D-A514-F80854053332}"
EndProject
Project("{8BC9CEB8-8B4A-11D0-8D11-00A0C91BC942}") = "Complex", "Complex\Complex.vcxproj", "{CEAD12C8-2F31-47AC-9AD8-B822C7F85DE9}"
EndProject
Project("{8BC9CEB8-8B4A-11D0-8D11-00A0C91BC942}") = "DLinkedListsShallowDeep", "DLinkedListsShallowDeep\DLinkedListsShallowDeep.vcxproj", "{2B4C8F89-E9ED-460B-BC6F-047605B5A049}"
EndProject
Project("{8BC9CEB8-8B4A-11D0-8D11-00A0C91BC942}") = "ConversionDeBases", "ConversionDeBases\ConversionDeBases.vcxproj", "{4B89F1C3-E7D0-4F07-94B8-6F3C4493379E}"
EndProject
Project("{8BC9CEB8-8B4A-11D0-8D11-00A0C91BC942}") = "Calendario", "Calendario\Calendario.vcxproj", "{DD8223B4-1F44-4BA8-9964-D6E3DF1C1760}"
EndProject
Global
	GlobalSection(SolutionConfigurationPlatforms) = preSolution
		Debug|x64 = Debug|x64
		Debug|x86 = Debug|x86
		Release|x64 = Release|x64
		Release|x86 = Release|x86
	EndGlobalSection
	GlobalSection(ProjectConfigurationPlatforms) = postSolution
		{0C8439A2-605B-4480-89B6-99007B30F146}.Debug|x64.ActiveCfg = Debug|x64
		{0C8439A2-605B-4480-89B6-99007B30F146}.Debug|x64.Build.0 = Debug|x64
		{0C8439A2-605B-4480-89B6-99007B30F146}.Debug|x86.ActiveCfg = Debug|Win32
		{0C8439A2-605B-4480-89B6-99007B30F146}.Debug|x86.Build.0 = Debug|Win32
		{0C8439A2-605B-4480-89B6-99007B30F146}.Release|x64.ActiveCfg = Release|x64
		{0C8439A2-605B-4480-89B6-99007B30F146}.Release|x64.Build.0 = Release|x64
		{0C8439A2-605B-4480-89B6-99007B30F146}.Release|x86.ActiveCfg = Release|Win32
		{0C8439A2-605B-4480-89B6-99007B30F146}.Release|x86.Build.0 = Release|Win32
		{A54DF53D-3A78-42A7-AF1E-0C259BB946F5}.Debug|x64.ActiveCfg = Debug|x64
		{A54DF53D-3A78-42A7-AF1E-0C259BB946F5}.Debug|x64.Build.0 = Debug|x64
		{A54DF53D-3A78-42A7-AF1E-0C259BB946F5}.Debug|x86.ActiveCfg = Debug|Win32
		{A54DF53D-3A78-42A7-AF1E-0C259BB946F5}.Debug|x86.Build.0 = Debug|Win32
		{A54DF53D-3A78-42A7-AF1E-0C259BB946F5}.Release|x64.ActiveCfg = Release|x64
		{A54DF53D-3A78-42A7-AF1E-0C259BB946F5}.Release|x64.Build.0 = Release|x64
		{A54DF53D-3A78-42A7-AF1E-0C259BB946F5}.Release|x86.ActiveCfg = Release|Win32
		{A54DF53D-3A78-42A7-AF1E-0C259BB946F5}.Release|x86.Build.0 = Release|Win32
		{7B959521-E4E0-4677-9174-9307C4E5869B}.Debug|x64.ActiveCfg = Debug|x64
		{7B959521-E4E0-4677-9174-9307C4E5869B}.Debug|x64.Build.0 = Debug|x64
		{7B959521-E4E0-4677-9174-9307C4E5869B}.Debug|x86.ActiveCfg = Debug|Win32
		{7B959521-E4E0-4677-9174-9307C4E5869B}.Debug|x86.Build.0 = Debug|Win32
		{7B959521-E4E0-4677-9174-9307C4E5869B}.Release|x64.ActiveCfg = Release|x64
		{7B959521-E4E0-4677-9174-9307C4E5869B}.Release|x64.Build.0 = Release|x64
		{7B959521-E4E0-4677-9174-9307C4E5869B}.Release|x86.ActiveCfg = Release|Win32
		{7B959521-E4E0-4677-9174-9307C4E5869B}.Release|x86.Build.0 = Release|Win32
		{A5187FE0-B538-4482-83BF-4F97425A56D2}.Debug|x64.ActiveCfg = Debug|x64
		{A5187FE0-B538-4482-83BF-4F97425A56D2}.Debug|x64.Build.0 = Debug|x64
		{A5187FE0-B538-4482-83BF-4F97425A56D2}.Debug|x86.ActiveCfg = Debug|Win32
		{A5187FE0-B538-4482-83BF-4F97425A56D2}.Debug|x86.Build.0 = Debug|Win32
		{A5187FE0-B538-4482-83BF-4F97425A56D2}.Release|x64.ActiveCfg = Release|x64
		{A5187FE0-B538-4482-83BF-4F97425A56D2}.Release|x64.Build.0 = Release|x64
		{A5187FE0-B538-4482-83BF-4F97425A56D2}.Release|x86.ActiveCfg = Release|Win32
		{A5187FE0-B538-4482-83BF-4F97425A56D2}.Release|x86.Build.0 = Release|Win32
		{27CFD7BC-ABB7-4156-990E-2E0EC42CD3F1}.Debug|x64.ActiveCfg = Debug|x64
		{27CFD7BC-ABB7-4156-990E-2E0EC42CD3F1}.Debug|x64.Build.0 = Debug|x64
		{27CFD7BC-ABB7-4156-990E-2E0EC42CD3F1}.Debug|x86.ActiveCfg = Debug|Win32
		{27CFD7BC-ABB7-4156-990E-2E0EC42CD3F1}.Debug|x86.Build.0 = Debug|Win32
		{27CFD7BC-ABB7-4156-990E-2E0EC42CD3F1}.Release|x64.ActiveCfg = Release|x64
		{27CFD7BC-ABB7-4156-990E-2E0EC42CD3F1}.Release|x64.Build.0 = Release|x64
		{27CFD7BC-ABB7-4156-990E-2E0EC42CD3F1}.Release|x86.ActiveCfg = Release|Win32
		{27CFD7BC-ABB7-4156-990E-2E0EC42CD3F1}.Release|x86.Build.0 = Release|Win32
		{BC5ED77A-41BF-4DC7-A338-4621FE289C80}.Debug|x64.ActiveCfg = Debug|x64
		{BC5ED77A-41BF-4DC7-A338-4621FE289C80}.Debug|x64.Build.0 = Debug|x64
		{BC5ED77A-41BF-4DC7-A338-4621FE289C80}.Debug|x86.ActiveCfg = Debug|Win32
		{BC5ED77A-41BF-4DC7-A338-4621FE289C80}.Debug|x86.Build.0 = Debug|Win32
		{BC5ED77A-41BF-4DC7-A338-4621FE289C80}.Release|x64.ActiveCfg = Release|x64
		{BC5ED77A-41BF-4DC7-A338-4621FE289C80}.Release|x64.Build.0 = Release|x64
		{BC5ED77A-41BF-4DC7-A338-4621FE289C80}.Release|x86.ActiveCfg = Release|Win32
		{BC5ED77A-41BF-4DC7-A338-4621FE289C80}.Release|x86.Build.0 = Release|Win32
		{93F3FD1F-DCCE-4AA7-AA00-838EA521E35E}.Debug|x64.ActiveCfg = Debug|x64
		{93F3FD1F-DCCE-4AA7-AA00-838EA521E35E}.Debug|x64.Build.0 = Debug|x64
		{93F3FD1F-DCCE-4AA7-AA00-838EA521E35E}.Debug|x86.ActiveCfg = Debug|Win32
		{93F3FD1F-DCCE-4AA7-AA00-838EA521E35E}.Debug|x86.Build.0 = Debug|Win32
		{93F3FD1F-DCCE-4AA7-AA00-838EA521E35E}.Release|x64.ActiveCfg = Release|x64
		{93F3FD1F-DCCE-4AA7-AA00-838EA521E35E}.Release|x64.Build.0 = Release|x64
		{93F3FD1F-DCCE-4AA7-AA00-838EA521E35E}.Release|x86.ActiveCfg = Release|Win32
		{93F3FD1F-DCCE-4AA7-AA00-838EA521E35E}.Release|x86.Build.0 = Release|Win32
		{F4D92313-7795-4ECB-A8CA-43D315FD1554}.Debug|x64.ActiveCfg = Debug|x64
		{F4D92313-7795-4ECB-A8CA-43D315FD1554}.Debug|x64.Build.0 = Debug|x64
		{F4D92313-7795-4ECB-A8CA-43D315FD1554}.Debug|x86.ActiveCfg = Debug|Win32
		{F4D92313-7795-4ECB-A8CA-43D315FD1554}.Debug|x86.Build.0 = Debug|Win32
		{F4D92313-7795-4ECB-A8CA-43D315FD1554}.Release|x64.ActiveCfg = Release|x64
		{F4D92313-7795-4ECB-A8CA-43D315FD1554}.Release|x64.Build.0 = Release|x64
		{F4D92313-7795-4ECB-A8CA-43D315FD1554}.Release|x86.ActiveCfg = Release|Win32
		{F4D92313-7795-4ECB-A8CA-43D315FD1554}.Release|x86.Build.0 = Release|Win32
		{59E489E4-B789-4255-92D3-C5D673A600CC}.Debug|x64.ActiveCfg = Debug|x64
		{59E489E4-B789-4255-92D3-C5D673A600CC}.Debug|x64.Build.0 = Debug|x64
		{59E489E4-B789-4255-92D3-C5D673A600CC}.Debug|x86.ActiveCfg = Debug|Win32
		{59E489E4-B789-4255-92D3-C5D673A600CC}.Debug|x86.Build.0 = Debug|Win32
		{59E489E4-B789-4255-92D3-C5D673A600CC}.Release|x64.ActiveCfg = Release|x64
		{59E489E4-B789-4255-92D3-C5D673A600CC}.Release|x64.Build.0 = Release|x64
		{59E489E4-B789-4255-92D3-C5D673A600CC}.Release|x86.ActiveCfg = Release|Win32
		{59E489E4-B789-4255-92D3-C5D673A600CC}.Release|x86.Build.0 = Release|Win32
		{F3A37476-2783-4862-B68B-2214471DFDDD}.Debug|x64.ActiveCfg = Debug|x64
		{F3A37476-2783-4862-B68B-2214471DFDDD}.Debug|x64.Build.0 = Debug|x64
		{F3A37476-2783-4862-B68B-2214471DFDDD}.Debug|x86.ActiveCfg = Debug|Win32
		{F3A37476-2783-4862-B68B-2214471DFDDD}.Debug|x86.Build.0 = Debug|Win32
		{F3A37476-2783-4862-B68B-2214471DFDDD}.Release|x64.ActiveCfg = Release|x64
		{F3A37476-2783-4862-B68B-2214471DFDDD}.Release|x64.Build.0 = Release|x64
		{F3A37476-2783-4862-B68B-2214471DFDDD}.Release|x86.ActiveCfg = Release|Win32
		{F3A37476-2783-4862-B68B-2214471DFDDD}.Release|x86.Build.0 = Release|Win32
		{C238047A-4906-483D-A514-F80854053332}.Debug|x64.ActiveCfg = Debug|x64
		{C238047A-4906-483D-A514-F80854053332}.Debug|x64.Build.0 = Debug|x64
		{C238047A-4906-483D-A514-F80854053332}.Debug|x86.ActiveCfg = Debug|Win32
		{C238047A-4906-483D-A514-F80854053332}.Debug|x86.Build.0 = Debug|Win32
		{C238047A-4906-483D-A514-F80854053332}.Release|x64.ActiveCfg = Release|x64
		{C238047A-4906-483D-A514-F80854053332}.Release|x64.Build.0 = Release|x64
		{C238047A-4906-483D-A514-F80854053332}.Release|x86.ActiveCfg = Release|Win32
		{C238047A-4906-483D-A514-F80854053332}.Release|x86.Build.0 = Release|Win32
		{CEAD12C8-2F31-47AC-9AD8-B822C7F85DE9}.Debug|x64.ActiveCfg = Debug|x64
		{CEAD12C8-2F31-47AC-9AD8-B822C7F85DE9}.Debug|x64.Build.0 = Debug|x64
		{CEAD12C8-2F31-47AC-9AD8-B822C7F85DE9}.Debug|x86.ActiveCfg = Debug|Win32
		{CEAD12C8-2F31-47AC-9AD8-B822C7F85DE9}.Debug|x86.Build.0 = Debug|Win32
		{CEAD12C8-2F31-47AC-9AD8-B822C7F85DE9}.Release|x64.ActiveCfg = Release|x64
		{CEAD12C8-2F31-47AC-9AD8-B822C7F85DE9}.Release|x64.Build.0 = Release|x64
		{CEAD12C8-2F31-47AC-9AD8-B822C7F85DE9}.Release|x86.ActiveCfg = Release|Win32
		{CEAD12C8-2F31-47AC-9AD8-B822C7F85DE9}.Release|x86.Build.0 = Release|Win32
		{2B4C8F89-E9ED-460B-BC6F-047605B5A049}.Debug|x64.ActiveCfg = Debug|x64
		{2B4C8F89-E9ED-460B-BC6F-047605B5A049}.Debug|x64.Build.0 = Debug|x64
		{2B4C8F89-E9ED-460B-BC6F-047605B5A049}.Debug|x86.ActiveCfg = Debug|Win32
		{2B4C8F89-E9ED-460B-BC6F-047605B5A049}.Debug|x86.Build.0 = Debug|Win32
		{2B4C8F89-E9ED-460B-BC6F-047605B5A049}.Release|x64.ActiveCfg = Release|x64
		{2B4C8F89-E9ED-460B-BC6F-047605B5A049}.Release|x64.Build.0 = Release|x64
		{2B4C8F89-E9ED-460B-BC6F-047605B5A049}.Release|x86.ActiveCfg = Release|Win32
		{2B4C8F89-E9ED-460B-BC6F-047605B5A049}.Release|x86.Build.0 = Release|Win32
		{4B89F1C3-E7D0-4F07-94B8-6F3C4493379E}.Debug|x64.ActiveCfg = Debug|x64
		{4B89F1C3-E7D0-4F07-94B8-6F3C4493379E}.Debug|x64.Build.0 = Debug|x64
		{4B89F1C3-E7D0-4F07-94B8-6F3C4493379E}.Debug|x86.ActiveCfg = Debug|Win32
		{4B89F1C3-E7D0-4F07-94B8-6F3C4493379E}.Debug|x86.Build.0 = Debug|Win32
		{4B89F1C3-E7D0-4F07-94B8-6F3C4493379E}.Release|x64.ActiveCfg = Release|x64
		{4B89F1C3-E7D0-4F07-94B8-6F3C4493379E}.Release|x64.Build.0 = Release|x64
		{4B89F1C3-E7D0-4F07-94B8-6F3C4493379E}.Release|x86.ActiveCfg = Release|Win32
		{4B89F1C3-E7D0-4F07-94B8-6F3C4493379E}.Release|x86.Build.0 = Release|Win32
		{DD8223B4-1F44-4BA8-9964-D6E3DF1C1760}.Debug|x64.ActiveCfg = Debug|x64
		{DD8223B4-1F44-4BA8-9964-D6E3DF1C1760}.Debug|x64.Build.0 = Debug|x64
		{DD8223B4-1F44-4BA8-9964-D6E3DF1C1760}.Debug|x86.ActiveCfg = Debug|Win32
		{DD8223B4-1F44-4BA8-9964-D6E3DF1C1760}.Debug|x86.Build.0 = Debug|Win32
		{DD8223B4-1F44-4BA8-9964-D6E3DF1C1760}.Release|x64.ActiveCfg = Release|x64
		{DD8223B4-1F44-4BA8-9964-D6E3DF1C1760}.Release|x64.Build.0 = Release|x64
		{DD8223B4-1F44-4BA8-9964-D6E3DF1C1760}.Release|x86.ActiveCfg = Release|Win32
		{DD8223B4-1F44-4BA8-9964-D6E3DF1C1760}.Release|x86.Build.0 = Release|Win32
	EndGlobalSection
	GlobalSection(SolutionProperties) = preSolution
		HideSolutionNode = FALSE
	EndGlobalSection
EndGlobal
